{
  "requires": true,
  "lockfileVersion": 1,
  "dependencies": {
    "@babel/runtime": {
      "version": "7.15.4",
      "resolved": "https://registry.npmjs.org/@babel/runtime/-/runtime-7.15.4.tgz",
      "integrity": "sha512-99catp6bHCaxr4sJ/DbTGgHS4+Rs2RVd2g7iOap6SLGPDknRK9ztKNsE/Fg6QhSeh1FGE5f6gHGQmvvn3I3xhw==",
      "requires": {
        "regenerator-runtime": "^0.13.4"
      }
    },
    "@chevrotain/types": {
      "version": "9.0.2",
      "resolved": "https://registry.npmjs.org/@chevrotain/types/-/types-9.0.2.tgz",
      "integrity": "sha512-lo1dQPX7DQffJb26eaYLEy4/jUTFmsGKa43mDvMNAHwItEgUQHUkTZR0iAkHG0aJv8ejM/KqYpRVSNetrOK8qw=="
    },
    "@chevrotain/utils": {
      "version": "9.0.2",
      "resolved": "https://registry.npmjs.org/@chevrotain/utils/-/utils-9.0.2.tgz",
      "integrity": "sha512-iTju1VpbGruWagXS/XswuqeimOCRNeDvrXLlWHYsHp1qTU8sJfAfLiX5vs7DNxB1px6N8VWVI0SD8vMUksNBYw=="
    },
    "@react-three/drei": {
      "version": "7.8.0",
      "resolved": "https://registry.npmjs.org/@react-three/drei/-/drei-7.8.0.tgz",
      "integrity": "sha512-2HbNZB3HEzMC1sDBTZwCA973MW1ke65oIQAlH+ZW5pucNnuHgpiuDmmWRSq055sJfgY2GtTEHCzFjb5J465W6A==",
      "requires": {
        "@babel/runtime": "^7.11.2",
        "blob-polyfill": "^5.0.20210201",
        "detect-gpu": "^3.0.0",
        "glsl-noise": "^0.0.0",
        "lodash.omit": "^4.5.0",
        "lodash.pick": "^4.4.0",
        "react-merge-refs": "^1.0.0",
        "stats.js": "^0.17.0",
        "three-mesh-bvh": "^0.4.1",
        "three-stdlib": "^2.4.0",
        "troika-three-text": "^0.42.0",
        "use-asset": "^1.0.4",
        "utility-types": "^3.10.0",
        "zustand": "^3.5.1"
      }
    },
    "@react-three/fiber": {
      "version": "7.0.6",
      "resolved": "https://registry.npmjs.org/@react-three/fiber/-/fiber-7.0.6.tgz",
      "integrity": "sha512-GSMmnk66B/xGGfbSj5lGiZCxGQD0i8rm0Bt/Xp6TD2b9cYe2Lxb2wegU04zIeN89aoUYMHXhL1GNXsZvvOjfUA==",
      "requires": {
        "@babel/runtime": "^7.13.10",
        "react-merge-refs": "^1.1.0",
        "react-reconciler": "^0.26.2",
        "react-three-fiber": "0.0.0-deprecated",
        "react-use-measure": "^2.0.4",
        "resize-observer-polyfill": "^1.5.1",
        "scheduler": "^0.20.2",
        "use-asset": "^1.0.4",
        "utility-types": "^3.10.0",
        "zustand": "^3.5.1"
      },
      "dependencies": {
        "react-three-fiber": {
          "version": "0.0.0-deprecated",
          "resolved": "https://registry.npmjs.org/react-three-fiber/-/react-three-fiber-0.0.0-deprecated.tgz",
          "integrity": "sha512-EblIqTAsIpkYeM8bZtC4lcpTE0A2zCEGipFB52RgcQq/q+0oryrk7Sxt+sqhIjUu6xMNEVywV8dr74lz5yWO6A=="
        }
      }
    },
    "@webgpu/glslang": {
      "version": "0.0.15",
      "resolved": "https://registry.npmjs.org/@webgpu/glslang/-/glslang-0.0.15.tgz",
      "integrity": "sha512-niT+Prh3Aff8Uf1MVBVUsaNjFj9rJAKDXuoHIKiQbB+6IUP/3J3JIhBNyZ7lDhytvXxw6ppgnwKZdDJ08UMj4Q=="
    },
    "@webxr-input-profiles/motion-controllers": {
      "version": "1.0.0",
      "resolved": "https://registry.npmjs.org/@webxr-input-profiles/motion-controllers/-/motion-controllers-1.0.0.tgz",
      "integrity": "sha512-Ppxde+G1/QZbU8ShCQg+eq5VtlcL/FPkerF1dkDOLlIml0LJD1tFqnCZYR0SrHzYleIQ2siRnOx7xbFLaCpExQ=="
    },
    "bidi-js": {
      "version": "1.0.2",
      "resolved": "https://registry.npmjs.org/bidi-js/-/bidi-js-1.0.2.tgz",
      "integrity": "sha512-rzSy/k7WdX5zOyeHHCOixGXbCHkyogkxPKL2r8QtzHmVQDiWCXUWa18bLdMWT9CYMLOYTjWpTHawuev2ouYJVw==",
      "requires": {
        "require-from-string": "^2.0.2"
      }
    },
    "blob-polyfill": {
      "version": "5.0.20210201",
      "resolved": "https://registry.npmjs.org/blob-polyfill/-/blob-polyfill-5.0.20210201.tgz",
      "integrity": "sha512-SrH6IG6aXL9pCgSysBCiDpGcAJ1j6/c1qCwR3sTEQJhb+MTk6FITNA6eW6WNYQDNZVi4Z9GjxH5v2MMTv59CrQ=="
    },
    "chevrotain": {
      "version": "9.0.2",
      "resolved": "https://registry.npmjs.org/chevrotain/-/chevrotain-9.0.2.tgz",
      "integrity": "sha512-6ZjgUdGvU4j1n1b2hTjb79Vr2V+qNtmP7f8FVt79+kdAYcUj2QfYNwI8ycCVsgHD/dIeO5Vr1hckkkfliVQTfg==",
      "requires": {
        "@chevrotain/types": "^9.0.2",
        "@chevrotain/utils": "^9.0.2",
        "regexp-to-ast": "0.5.0"
      }
    },
    "debounce": {
      "version": "1.2.1",
      "resolved": "https://registry.npmjs.org/debounce/-/debounce-1.2.1.tgz",
      "integrity": "sha512-XRRe6Glud4rd/ZGQfiV1ruXSfbvfJedlV9Y6zOlP+2K04vBYiJEte6stfFkCP03aMnY5tsipamumUjL14fofug=="
    },
    "detect-gpu": {
      "version": "3.1.17",
      "resolved": "https://registry.npmjs.org/detect-gpu/-/detect-gpu-3.1.17.tgz",
      "integrity": "sha512-veetiL2XcjIo45Jm/BBEUrROp8SBBqmpbYgDjE2M6HA5jyumIsxxQQB3uCvFVpNydLHS72ScfxJ5e8aIewmTcA==",
      "requires": {
        "webgl-constants": "^1.1.1"
      }
    },
    "fast-deep-equal": {
      "version": "3.1.3",
      "resolved": "https://registry.npmjs.org/fast-deep-equal/-/fast-deep-equal-3.1.3.tgz",
      "integrity": "sha512-f3qQ9oQy9j2AhBe/H9VC91wLmKBCCU/gDOnKNAYG5hswO7BLKj09Hc5HYNz9cGI++xlpDCIgDaitVs03ATR84Q=="
    },
    "fflate": {
      "version": "0.6.10",
      "resolved": "https://registry.npmjs.org/fflate/-/fflate-0.6.10.tgz",
      "integrity": "sha512-IQrh3lEPM93wVCEczc9SaAOvkmcoQn/G8Bo1e8ZPlY3X3bnAxWaBdvTdvM1hP62iZp0BXWDy4vTAy4fF0+Dlpg=="
    },
    "glsl-noise": {
      "version": "0.0.0",
      "resolved": "https://registry.npmjs.org/glsl-noise/-/glsl-noise-0.0.0.tgz",
      "integrity": "sha1-NndF86MzgsDu7Ey1S36Zz8HXZws="
    },
    "js-tokens": {
      "version": "4.0.0",
      "resolved": "https://registry.npmjs.org/js-tokens/-/js-tokens-4.0.0.tgz",
      "integrity": "sha512-RdJUflcE3cUzKiMqQgsCu06FPu9UdIJO0beYbPhHN4k6apgJtifcoCtT9bcxOpYBtpD2kCM6Sbzg4CausW/PKQ=="
    },
    "ktx-parse": {
      "version": "0.2.1",
      "resolved": "https://registry.npmjs.org/ktx-parse/-/ktx-parse-0.2.1.tgz",
      "integrity": "sha512-I+2mYJ6nQdWGmOlE3m9d9idKfhn2MCw04zaVpgtzyuc19uQ8OwRmmYLf/TP5ueVFfYmHbdpM8mPmId2X5PBLEw=="
    },
    "lodash.omit": {
      "version": "4.5.0",
      "resolved": "https://registry.npmjs.org/lodash.omit/-/lodash.omit-4.5.0.tgz",
      "integrity": "sha1-brGa5aHuHdnfC5aeZs4Lf6MLXmA="
    },
    "lodash.pick": {
      "version": "4.4.0",
      "resolved": "https://registry.npmjs.org/lodash.pick/-/lodash.pick-4.4.0.tgz",
      "integrity": "sha1-UvBWEP/53tQiYRRB7R/BI6AwAbM="
    },
    "loose-envify": {
      "version": "1.4.0",
      "resolved": "https://registry.npmjs.org/loose-envify/-/loose-envify-1.4.0.tgz",
      "integrity": "sha512-lyuxPGr/Wfhrlem2CL/UcnUc1zcqKAImBDzukY7Y5F/yQiNdko6+fRLevlw1HgMySw7f611UIY408EtxRSoK3Q==",
      "requires": {
        "js-tokens": "^3.0.0 || ^4.0.0"
      }
    },
    "mmd-parser": {
      "version": "1.0.4",
      "resolved": "https://registry.npmjs.org/mmd-parser/-/mmd-parser-1.0.4.tgz",
      "integrity": "sha512-Qi0VCU46t2IwfGv5KF0+D/t9cizcDug7qnNoy9Ggk7aucp0tssV8IwTMkBlDbm+VqAf3cdQHTCARKSsuS2MYFg=="
    },
    "object-assign": {
      "version": "4.1.1",
      "resolved": "https://registry.npmjs.org/object-assign/-/object-assign-4.1.1.tgz",
      "integrity": "sha1-IQmtx5ZYh8/AXLvUQsrIv7s2CGM="
    },
    "opentype.js": {
      "version": "1.3.3",
      "resolved": "https://registry.npmjs.org/opentype.js/-/opentype.js-1.3.3.tgz",
      "integrity": "sha512-/qIY/+WnKGlPIIPhbeNjynfD2PO15G9lA/xqlX2bDH+4lc3Xz5GCQ68mqxj3DdUv6AJqCeaPvuAoH8mVL0zcuA==",
      "requires": {
        "string.prototype.codepointat": "^0.2.1",
        "tiny-inflate": "^1.0.3"
      }
    },
    "potpack": {
      "version": "1.0.1",
      "resolved": "https://registry.npmjs.org/potpack/-/potpack-1.0.1.tgz",
      "integrity": "sha512-15vItUAbViaYrmaB/Pbw7z6qX2xENbFSTA7Ii4tgbPtasxm5v6ryKhKtL91tpWovDJzTiZqdwzhcFBCwiMVdVw=="
    },
    "react-merge-refs": {
      "version": "1.1.0",
      "resolved": "https://registry.npmjs.org/react-merge-refs/-/react-merge-refs-1.1.0.tgz",
      "integrity": "sha512-alTKsjEL0dKH/ru1Iyn7vliS2QRcBp9zZPGoWxUOvRGWPUYgjo+V01is7p04It6KhgrzhJGnIj9GgX8W4bZoCQ=="
    },
    "react-reconciler": {
      "version": "0.26.2",
      "resolved": "https://registry.npmjs.org/react-reconciler/-/react-reconciler-0.26.2.tgz",
      "integrity": "sha512-nK6kgY28HwrMNwDnMui3dvm3rCFjZrcGiuwLc5COUipBK5hWHLOxMJhSnSomirqWwjPBJKV1QcbkI0VJr7Gl1Q==",
      "requires": {
        "loose-envify": "^1.1.0",
        "object-assign": "^4.1.1",
        "scheduler": "^0.20.2"
      }
    },
    "react-three-fiber": {
      "version": "6.0.13",
      "resolved": "https://registry.npmjs.org/react-three-fiber/-/react-three-fiber-6.0.13.tgz",
      "integrity": "sha512-uShQnkMVLvnzwf3YzY9mnzCnpmLpvTQkc0ycrtwk8fyjXmZt2695tLn3tufPF6uxq06UKJRKJcjCVCMXyUcEPQ==",
      "requires": {
        "@react-three/fiber": "^7.0.6"
      }
    },
    "react-use-measure": {
      "version": "2.0.4",
      "resolved": "https://registry.npmjs.org/react-use-measure/-/react-use-measure-2.0.4.tgz",
      "integrity": "sha512-7K2HIGaPMl3Q9ZQiEVjen3tRXl4UDda8LiTPy/QxP8dP2rl5gPBhf7mMH6MVjjRNv3loU7sNzey/ycPNnHVTxQ==",
      "requires": {
        "debounce": "^1.2.0"
      }
    },
    "regenerator-runtime": {
      "version": "0.13.9",
      "resolved": "https://registry.npmjs.org/regenerator-runtime/-/regenerator-runtime-0.13.9.tgz",
      "integrity": "sha512-p3VT+cOEgxFsRRA9X4lkI1E+k2/CtnKtU4gcxyaCUreilL/vqI6CdZ3wxVUx3UOUg+gnUOQQcRI7BmSI656MYA=="
    },
    "regexp-to-ast": {
      "version": "0.5.0",
      "resolved": "https://registry.npmjs.org/regexp-to-ast/-/regexp-to-ast-0.5.0.tgz",
      "integrity": "sha512-tlbJqcMHnPKI9zSrystikWKwHkBqu2a/Sgw01h3zFjvYrMxEDYHzzoMZnUrbIfpTFEsoRnnviOXNCzFiSc54Qw=="
    },
    "require-from-string": {
      "version": "2.0.2",
      "resolved": "https://registry.npmjs.org/require-from-string/-/require-from-string-2.0.2.tgz",
      "integrity": "sha512-Xf0nWe6RseziFMu+Ap9biiUbmplq6S9/p+7w7YXP/JBHhrUDDUhwa+vANyubuqfZWTveU//DYVGsDG7RKL/vEw=="
    },
    "resize-observer-polyfill": {
      "version": "1.5.1",
      "resolved": "https://registry.npmjs.org/resize-observer-polyfill/-/resize-observer-polyfill-1.5.1.tgz",
      "integrity": "sha512-LwZrotdHOo12nQuZlHEmtuXdqGoOD0OhaxopaNFxWzInpEgaLWoVuAMbTzixuosCx2nEG58ngzW3vxdWoxIgdg=="
    },
    "scheduler": {
      "version": "0.20.2",
      "resolved": "https://registry.npmjs.org/scheduler/-/scheduler-0.20.2.tgz",
      "integrity": "sha512-2eWfGgAqqWFGqtdMmcL5zCMK1U8KlXv8SQFGglL3CEtd0aDVDWgeF/YoCmvln55m5zSk3J/20hTaSBeSObsQDQ==",
      "requires": {
        "loose-envify": "^1.1.0",
        "object-assign": "^4.1.1"
      }
    },
    "stats.js": {
      "version": "0.17.0",
      "resolved": "https://registry.npmjs.org/stats.js/-/stats.js-0.17.0.tgz",
      "integrity": "sha1-scPcRtlEmLV4t/05hbgaznExzH0="
    },
    "string.prototype.codepointat": {
      "version": "0.2.1",
      "resolved": "https://registry.npmjs.org/string.prototype.codepointat/-/string.prototype.codepointat-0.2.1.tgz",
      "integrity": "sha512-2cBVCj6I4IOvEnjgO/hWqXjqBGsY+zwPmHl12Srk9IXSZ56Jwwmy+66XO5Iut/oQVR7t5ihYdLB0GMa4alEUcg=="
    },
    "three": {
      "version": "0.132.2",
      "resolved": "https://registry.npmjs.org/three/-/three-0.132.2.tgz",
      "integrity": "sha512-0wcR7LxxkXMn6Gi58gEs3QvY8WpTVXA31L2VOvpjm4ZPYFRHCZC13UqynheFoS5OXDYgtBneN0dhbaNBE8iLhQ=="
    },
    "three-mesh-bvh": {
      "version": "0.4.3",
      "resolved": "https://registry.npmjs.org/three-mesh-bvh/-/three-mesh-bvh-0.4.3.tgz",
      "integrity": "sha512-4CO1dU73hQRwGgeOL05CnsKkIa0LgNCH6S8t66D9nvSiyK9wDzrSqzGVd8e+eUytFoliYHc/lwoW0uamrmXo5w=="
    },
    "three-stdlib": {
      "version": "2.4.0",
      "resolved": "https://registry.npmjs.org/three-stdlib/-/three-stdlib-2.4.0.tgz",
      "integrity": "sha512-fy1utgeo/RskodAmKPoiexkcH/m5Zy9C01QjuESTnihDd+LyjxsmqAUI+qoDCkQIAwtBvYPE53EFBXzZM0B04A==",
      "requires": {
        "@babel/runtime": "^7.14.6",
        "@webgpu/glslang": "^0.0.15",
        "@webxr-input-profiles/motion-controllers": "^1.0.0",
        "chevrotain": "^9.0.2",
        "fflate": "^0.6.9",
        "ktx-parse": "^0.2.1",
        "mmd-parser": "^1.0.4",
        "opentype.js": "^1.3.3",
        "potpack": "^1.0.1",
        "zstddec": "^0.0.2"
      }
    },
    "tiny-inflate": {
      "version": "1.0.3",
      "resolved": "https://registry.npmjs.org/tiny-inflate/-/tiny-inflate-1.0.3.tgz",
      "integrity": "sha512-pkY1fj1cKHb2seWDy0B16HeWyczlJA9/WW3u3c4z/NiWDsO3DOU5D7nhTLE9CF0yXv/QZFY7sEJmj24dK+Rrqw=="
    },
    "troika-three-text": {
      "version": "0.42.0",
      "resolved": "https://registry.npmjs.org/troika-three-text/-/troika-three-text-0.42.0.tgz",
      "integrity": "sha512-bI9tCNwYDxcAi04NN0g0exOCrvNur9YfA2adR3AZgKHq+FIzxFIOem9LJ8kVwvo4smR+/hAv8N8pcRvXTek21w==",
      "requires": {
        "bidi-js": "^1.0.2",
        "troika-three-utils": "^0.42.0",
        "troika-worker-utils": "^0.42.0"
      }
    },
    "troika-three-utils": {
      "version": "0.42.0",
      "resolved": "https://registry.npmjs.org/troika-three-utils/-/troika-three-utils-0.42.0.tgz",
      "integrity": "sha512-IimGItKTN4PxeXEL4uWSF20kHZU1J1jXHD0gYQflX3QOFSven7HBG7nEqHcWavbZkB3AeRfR6NB3294GIt3uGA=="
    },
    "troika-worker-utils": {
      "version": "0.42.0",
      "resolved": "https://registry.npmjs.org/troika-worker-utils/-/troika-worker-utils-0.42.0.tgz",
      "integrity": "sha512-eTfX/vBNC7zMD+sSIDzbQAVwbhotbCz71IimZe0rFqPvAXkvLpKfH2YcWd1Ho42PII1O9Gl4QxxTV8ulRmDilQ=="
    },
    "use-asset": {
      "version": "1.0.4",
      "resolved": "https://registry.npmjs.org/use-asset/-/use-asset-1.0.4.tgz",
      "integrity": "sha512-7/hqDrWa0iMnCoET9W1T07EmD4Eg/Wmoj/X8TGBc++ECRK4m5yTsjP4O6s0yagbxfqIOuUkIxe2/sA+VR2GxZA==",
      "requires": {
        "fast-deep-equal": "^3.1.3"
      }
    },
    "utility-types": {
      "version": "3.10.0",
      "resolved": "https://registry.npmjs.org/utility-types/-/utility-types-3.10.0.tgz",
      "integrity": "sha512-O11mqxmi7wMKCo6HKFt5AhO4BwY3VV68YU07tgxfz8zJTIxr4BpsezN49Ffwy9j3ZpwwJp4fkRwjRzq3uWE6Rg=="
    },
    "webgl-constants": {
      "version": "1.1.1",
      "resolved": "https://registry.npmjs.org/webgl-constants/-/webgl-constants-1.1.1.tgz",
      "integrity": "sha512-LkBXKjU5r9vAW7Gcu3T5u+5cvSvh5WwINdr0C+9jpzVB41cjQAP5ePArDtk/WHYdVj0GefCgM73BA7FlIiNtdg=="
    },
    "zstddec": {
      "version": "0.0.2",
      "resolved": "https://registry.npmjs.org/zstddec/-/zstddec-0.0.2.tgz",
      "integrity": "sha512-DCo0oxvcvOTGP/f5FA6tz2Z6wF+FIcEApSTu0zV5sQgn9hoT5lZ9YRAKUraxt9oP7l4e8TnNdi8IZTCX6WCkwA=="
    },
    "zustand": {
      "version": "3.5.10",
      "resolved": "https://registry.npmjs.org/zustand/-/zustand-3.5.10.tgz",
      "integrity": "sha512-upluvSRWrlCiExu2UbkuMIPJ9AigyjRFoO7O9eUossIj7rPPq7pcJ0NKk6t2P7KF80tg/UdPX6/pNKOSbs9DEg=="
    }
  }
}
